PODS:
  - Alamofire (5.2.1)
  - WizCart (1.5.6)

DEPENDENCIES:
  - Alamofire
  - WizCart

SPEC REPOS:
  trunk:
    - Alamofire
    - WizCart

SPEC CHECKSUMS:
  Alamofire: e911732990610fe89af59ac0077f923d72dc3dfd
  WizCart: 6e2d4ef47533db71bf2a25ef86f734e6bc6c2acf

PODFILE CHECKSUM: 6229643f7ab13d7027181293abcb6777ce7098fb

COCOAPODS: 1.9.3
